github.com/teeworlds-go/huffman v1.0.0 h1:XSNMNAJZb+njNrPACsxcDrrLDXTGjZZt35FqLAuHi4I=
github.com/teeworlds-go/huffman v1.0.0/go.mod h1:kjaXpL6C6xL7CM+tWPNYjdEgVZB2GumKhx7rCDdXArU=
github.com/teeworlds-go/teeworlds v0.0.0-20240621051401-94b6c7787cee h1:kHlXfFQ22RcvVPltdS0JaP60P3symbvobL0tQWD3vvA=
github.com/teeworlds-go/teeworlds v0.0.0-20240621051401-94b6c7787cee/go.mod h1:aKhyLQAZ0cXv3e6ivNMiolKLbycQlDTIq9Yldn7klWM=
